
Microsoft Visual Studio Solution File, Format Version 12.00
# Visual Studio Version 16
VisualStudioVersion = 16.0.31306.274
MinimumVisualStudioVersion = 10.0.40219.1
Project("{9A19103F-16F7-4668-BE54-9A1E7A4F7556}") = "ArchMastery.Reflector.Structurizer", "src\ArchMastery.Reflector.Structurizer\ArchMastery.Reflector.Structurizer.csproj", "{B07F7141-7FD3-41EA-95B8-7E68E308E705}"
EndProject
Project("{2150E333-8FDC-42A3-9474-1A3956D46DE8}") = "Tests", "Tests", "{82A4E004-3B89-4A1E-B0A3-4775D3D3CF66}"
EndProject
Project("{9A19103F-16F7-4668-BE54-9A1E7A4F7556}") = "ArchMastery.Reflector.Structurizer.xUnit", "tests\PlantUml.Reflector.xUnit\ArchMastery.Reflector.Structurizer.xUnit.csproj", "{AE7B2867-E681-4E5E-BA09-F3816F4B7147}"
EndProject
Project("{9A19103F-16F7-4668-BE54-9A1E7A4F7556}") = "ArchMastery.Reflector.Core", "src\ArchMastery.Reflector.Core\ArchMastery.Reflector.Core.csproj", "{F7CE5627-6D1C-4D71-AF56-8BB795196D17}"
EndProject
Project("{2150E333-8FDC-42A3-9474-1A3956D46DE8}") = "Solution Items", "Solution Items", "{C61213DA-6285-4484-94C9-AC72EED2CBBF}"
	ProjectSection(SolutionItems) = preProject
		.github\workflows\dotnet.yml = .github\workflows\dotnet.yml
	EndProjectSection
EndProject
Global
	GlobalSection(SolutionConfigurationPlatforms) = preSolution
		Debug|Any CPU = Debug|Any CPU
		Release|Any CPU = Release|Any CPU
	EndGlobalSection
	GlobalSection(ProjectConfigurationPlatforms) = postSolution
		{B07F7141-7FD3-41EA-95B8-7E68E308E705}.Debug|Any CPU.ActiveCfg = Debug|Any CPU
		{B07F7141-7FD3-41EA-95B8-7E68E308E705}.Debug|Any CPU.Build.0 = Debug|Any CPU
		{B07F7141-7FD3-41EA-95B8-7E68E308E705}.Release|Any CPU.ActiveCfg = Release|Any CPU
		{B07F7141-7FD3-41EA-95B8-7E68E308E705}.Release|Any CPU.Build.0 = Release|Any CPU
		{AE7B2867-E681-4E5E-BA09-F3816F4B7147}.Debug|Any CPU.ActiveCfg = Debug|Any CPU
		{AE7B2867-E681-4E5E-BA09-F3816F4B7147}.Debug|Any CPU.Build.0 = Debug|Any CPU
		{AE7B2867-E681-4E5E-BA09-F3816F4B7147}.Release|Any CPU.ActiveCfg = Release|Any CPU
		{AE7B2867-E681-4E5E-BA09-F3816F4B7147}.Release|Any CPU.Build.0 = Release|Any CPU
		{F7CE5627-6D1C-4D71-AF56-8BB795196D17}.Debug|Any CPU.ActiveCfg = Debug|Any CPU
		{F7CE5627-6D1C-4D71-AF56-8BB795196D17}.Debug|Any CPU.Build.0 = Debug|Any CPU
		{F7CE5627-6D1C-4D71-AF56-8BB795196D17}.Release|Any CPU.ActiveCfg = Release|Any CPU
		{F7CE5627-6D1C-4D71-AF56-8BB795196D17}.Release|Any CPU.Build.0 = Release|Any CPU
	EndGlobalSection
	GlobalSection(SolutionProperties) = preSolution
		HideSolutionNode = FALSE
	EndGlobalSection
	GlobalSection(NestedProjects) = preSolution
		{AE7B2867-E681-4E5E-BA09-F3816F4B7147} = {82A4E004-3B89-4A1E-B0A3-4775D3D3CF66}
	EndGlobalSection
	GlobalSection(ExtensibilityGlobals) = postSolution
		SolutionGuid = {3C553406-0848-46A1-B1F7-B3C9B2B33069}
	EndGlobalSection
EndGlobal
